
Microsoft Visual Studio Solution File, Format Version 12.00
# Visual Studio 15
VisualStudioVersion = 15.0.27004.2002
MinimumVisualStudioVersion = 10.0.40219.1
Project("{FAE04EC0-301F-11D3-BF4B-00C04F79EFBC}") = "Hotel", "Hotel\Hotel.csproj", "{F1583AB4-3AC5-44DA-90FA-9BC1BC18BF20}"
EndProject
Project("{FAE04EC0-301F-11D3-BF4B-00C04F79EFBC}") = "TestHotel", "TestHotel\TestHotel.csproj", "{F5277B1F-7616-4362-8DF7-DAC2479E5B52}"
EndProject
Global
	GlobalSection(SolutionConfigurationPlatforms) = preSolution
		Debug|Any CPU = Debug|Any CPU
		Release|Any CPU = Release|Any CPU
	EndGlobalSection
	GlobalSection(ProjectConfigurationPlatforms) = postSolution
		{F1583AB4-3AC5-44DA-90FA-9BC1BC18BF20}.Debug|Any CPU.ActiveCfg = Debug|Any CPU
		{F1583AB4-3AC5-44DA-90FA-9BC1BC18BF20}.Debug|Any CPU.Build.0 = Debug|Any CPU
		{F1583AB4-3AC5-44DA-90FA-9BC1BC18BF20}.Release|Any CPU.ActiveCfg = Release|Any CPU
		{F1583AB4-3AC5-44DA-90FA-9BC1BC18BF20}.Release|Any CPU.Build.0 = Release|Any CPU
		{F5277B1F-7616-4362-8DF7-DAC2479E5B52}.Debug|Any CPU.ActiveCfg = Debug|Any CPU
		{F5277B1F-7616-4362-8DF7-DAC2479E5B52}.Debug|Any CPU.Build.0 = Debug|Any CPU
		{F5277B1F-7616-4362-8DF7-DAC2479E5B52}.Release|Any CPU.ActiveCfg = Release|Any CPU
		{F5277B1F-7616-4362-8DF7-DAC2479E5B52}.Release|Any CPU.Build.0 = Release|Any CPU
	EndGlobalSection
	GlobalSection(SolutionProperties) = preSolution
		HideSolutionNode = FALSE
	EndGlobalSection
	GlobalSection(ExtensibilityGlobals) = postSolution
		SolutionGuid = {E3FA6F30-CE53-48F3-A7BE-CD9774FC0232}
	EndGlobalSection
EndGlobal
